{
  "requires": true,
  "lockfileVersion": 1,
  "dependencies": {
    "reactjs-popup": {
      "version": "2.0.5",
      "resolved": "https://registry.npmjs.org/reactjs-popup/-/reactjs-popup-2.0.5.tgz",
      "integrity": "sha512-b5hv9a6aGsHEHXFAgPO5s1Jw1eSkopueyUVxQewGdLgqk2eW0IVXZrPRpHR629YcgIpC2oxtX8OOZ8a7bQJbxA=="
    }
  }
}
